
Microsoft Visual Studio Solution File, Format Version 12.00
# Visual Studio 14
VisualStudioVersion = 14.0.25420.1
MinimumVisualStudioVersion = 10.0.40219.1
Project("{2150E333-8FDC-42A3-9474-1A3956D46DE8}") = "lib", "lib", "{470210E8-9C60-43EC-94CD-0C6A0F156505}"
EndProject
Project("{2150E333-8FDC-42A3-9474-1A3956D46DE8}") = "doc", "doc", "{ED1FBE5C-19D7-4E78-96C9-0D3B9328BE2A}"
EndProject
Project("{2150E333-8FDC-42A3-9474-1A3956D46DE8}") = "src", "src", "{33E51F14-56C0-49C6-9A1F-7A94DD189CC6}"
EndProject
Project("{2150E333-8FDC-42A3-9474-1A3956D46DE8}") = "test", "test", "{38F8A193-F8F9-4D17-8F84-C6B1AD45C091}"
EndProject
Project("{8BB2217D-0F2D-49D1-97BC-3654ED321F3B}") = "RSWeb.Common", "src\RSWeb.Common\RSWeb.Common.xproj", "{970890B0-99A9-43DE-A9CC-66E12E0D89CD}"
EndProject
Project("{8BB2217D-0F2D-49D1-97BC-3654ED321F3B}") = "RSWeb.Data", "src\RSWeb.Data\RSWeb.Data.xproj", "{57949B56-A690-47A0-B577-20BE8F124E11}"
EndProject
Project("{8BB2217D-0F2D-49D1-97BC-3654ED321F3B}") = "RSWeb.Data.SqlServer", "src\RSWeb.Data.SqlServer\RSWeb.Data.SqlServer.xproj", "{63B0C741-8E6F-4A84-8475-3DFBEB14F266}"
EndProject
Project("{8BB2217D-0F2D-49D1-97BC-3654ED321F3B}") = "RSWeb.Web.Api.Models", "src\RSWeb.Web.Api.Models\RSWeb.Web.Api.Models.xproj", "{E638879B-F8DA-42DB-9B65-3ECC77068B97}"
EndProject
Project("{8BB2217D-0F2D-49D1-97BC-3654ED321F3B}") = "RSWeb.Web.Common", "src\RSWeb.Web.Common\RSWeb.Web.Common.xproj", "{E3F9E718-8833-44E0-AD63-288E691B82B5}"
EndProject
Project("{8BB2217D-0F2D-49D1-97BC-3654ED321F3B}") = "RSWeb.Common.Tests", "test\RSWeb.Common.Tests\RSWeb.Common.Tests.xproj", "{05ADC684-CED4-4A44-9A77-8D2E3A03686D}"
EndProject
Project("{8BB2217D-0F2D-49D1-97BC-3654ED321F3B}") = "RSWeb.Data.SqlServer.IntegrationTests", "test\RSWeb.Data.SqlServer.IntegrationTests\RSWeb.Data.SqlServer.IntegrationTests.xproj", "{75D3B91C-EA75-4556-9844-ACE78C511F81}"
EndProject
Project("{8BB2217D-0F2D-49D1-97BC-3654ED321F3B}") = "RSWeb.Data.Tests", "test\RSWeb.Data.Tests\RSWeb.Data.Tests.xproj", "{BF830623-04C4-4810-8FB9-5A4F6BC95DF5}"
EndProject
Project("{8BB2217D-0F2D-49D1-97BC-3654ED321F3B}") = "RSWeb.Web.Api.Tests", "test\RSWeb.Web.Api.Tests\RSWeb.Web.Api.Tests.xproj", "{DA8A0A59-5BA6-4E1F-B1E8-CF79DC344357}"
EndProject
Project("{8BB2217D-0F2D-49D1-97BC-3654ED321F3B}") = "RSWeb.Web.Api.IntegrationTests", "test\RSWeb.Web.Api.IntegrationTests\RSWeb.Web.Api.IntegrationTests.xproj", "{052F7C5E-9DE7-4C3B-8359-20B27597CF7E}"
EndProject
Project("{8BB2217D-0F2D-49D1-97BC-3654ED321F3B}") = "RSWeb.Web.Common.Tests", "test\RSWeb.Web.Common.Tests\RSWeb.Web.Common.Tests.xproj", "{EFD24C89-8583-4A19-B658-004E813EE130}"
EndProject
Project("{00D1A9C2-B5F0-4AF3-8072-F6C62B433612}") = "RSWebDb", "src\RSWebDb\RSWebDb.sqlproj", "{868433C2-62A6-4003-BDF0-AF1A4095F35C}"
EndProject
Project("{2150E333-8FDC-42A3-9474-1A3956D46DE8}") = "Solution Items", "Solution Items", "{77767944-145B-4E94-B198-EDF2FB408725}"
	ProjectSection(SolutionItems) = preProject
		global.json = global.json
	EndProjectSection
EndProject
Project("{8BB2217D-0F2D-49D1-97BC-3654ED321F3B}") = "RSWeb.Web.Api", "src\RSWeb.Web.Api\RSWeb.Web.Api.xproj", "{A5DBB8AA-B8B4-4C2E-84B1-B59B11636153}"
EndProject
Project("{8BB2217D-0F2D-49D1-97BC-3654ED321F3B}") = "RSWeb.Web.Client", "src\RSWeb.WebClient\RSWeb.Web.Client.xproj", "{26F44951-EC72-44BD-AF12-DD276C3E62D9}"
EndProject
Global
	GlobalSection(SolutionConfigurationPlatforms) = preSolution
		Debug|Any CPU = Debug|Any CPU
		Release|Any CPU = Release|Any CPU
	EndGlobalSection
	GlobalSection(ProjectConfigurationPlatforms) = postSolution
		{970890B0-99A9-43DE-A9CC-66E12E0D89CD}.Debug|Any CPU.ActiveCfg = Debug|Any CPU
		{970890B0-99A9-43DE-A9CC-66E12E0D89CD}.Debug|Any CPU.Build.0 = Debug|Any CPU
		{970890B0-99A9-43DE-A9CC-66E12E0D89CD}.Release|Any CPU.ActiveCfg = Release|Any CPU
		{970890B0-99A9-43DE-A9CC-66E12E0D89CD}.Release|Any CPU.Build.0 = Release|Any CPU
		{57949B56-A690-47A0-B577-20BE8F124E11}.Debug|Any CPU.ActiveCfg = Debug|Any CPU
		{57949B56-A690-47A0-B577-20BE8F124E11}.Debug|Any CPU.Build.0 = Debug|Any CPU
		{57949B56-A690-47A0-B577-20BE8F124E11}.Release|Any CPU.ActiveCfg = Release|Any CPU
		{57949B56-A690-47A0-B577-20BE8F124E11}.Release|Any CPU.Build.0 = Release|Any CPU
		{63B0C741-8E6F-4A84-8475-3DFBEB14F266}.Debug|Any CPU.ActiveCfg = Debug|Any CPU
		{63B0C741-8E6F-4A84-8475-3DFBEB14F266}.Debug|Any CPU.Build.0 = Debug|Any CPU
		{63B0C741-8E6F-4A84-8475-3DFBEB14F266}.Release|Any CPU.ActiveCfg = Release|Any CPU
		{63B0C741-8E6F-4A84-8475-3DFBEB14F266}.Release|Any CPU.Build.0 = Release|Any CPU
		{E638879B-F8DA-42DB-9B65-3ECC77068B97}.Debug|Any CPU.ActiveCfg = Debug|Any CPU
		{E638879B-F8DA-42DB-9B65-3ECC77068B97}.Debug|Any CPU.Build.0 = Debug|Any CPU
		{E638879B-F8DA-42DB-9B65-3ECC77068B97}.Release|Any CPU.ActiveCfg = Release|Any CPU
		{E638879B-F8DA-42DB-9B65-3ECC77068B97}.Release|Any CPU.Build.0 = Release|Any CPU
		{E3F9E718-8833-44E0-AD63-288E691B82B5}.Debug|Any CPU.ActiveCfg = Debug|Any CPU
		{E3F9E718-8833-44E0-AD63-288E691B82B5}.Debug|Any CPU.Build.0 = Debug|Any CPU
		{E3F9E718-8833-44E0-AD63-288E691B82B5}.Release|Any CPU.ActiveCfg = Release|Any CPU
		{E3F9E718-8833-44E0-AD63-288E691B82B5}.Release|Any CPU.Build.0 = Release|Any CPU
		{05ADC684-CED4-4A44-9A77-8D2E3A03686D}.Debug|Any CPU.ActiveCfg = Debug|Any CPU
		{05ADC684-CED4-4A44-9A77-8D2E3A03686D}.Debug|Any CPU.Build.0 = Debug|Any CPU
		{05ADC684-CED4-4A44-9A77-8D2E3A03686D}.Release|Any CPU.ActiveCfg = Release|Any CPU
		{05ADC684-CED4-4A44-9A77-8D2E3A03686D}.Release|Any CPU.Build.0 = Release|Any CPU
		{75D3B91C-EA75-4556-9844-ACE78C511F81}.Debug|Any CPU.ActiveCfg = Debug|Any CPU
		{75D3B91C-EA75-4556-9844-ACE78C511F81}.Debug|Any CPU.Build.0 = Debug|Any CPU
		{75D3B91C-EA75-4556-9844-ACE78C511F81}.Release|Any CPU.ActiveCfg = Release|Any CPU
		{75D3B91C-EA75-4556-9844-ACE78C511F81}.Release|Any CPU.Build.0 = Release|Any CPU
		{BF830623-04C4-4810-8FB9-5A4F6BC95DF5}.Debug|Any CPU.ActiveCfg = Debug|Any CPU
		{BF830623-04C4-4810-8FB9-5A4F6BC95DF5}.Debug|Any CPU.Build.0 = Debug|Any CPU
		{BF830623-04C4-4810-8FB9-5A4F6BC95DF5}.Release|Any CPU.ActiveCfg = Release|Any CPU
		{BF830623-04C4-4810-8FB9-5A4F6BC95DF5}.Release|Any CPU.Build.0 = Release|Any CPU
		{DA8A0A59-5BA6-4E1F-B1E8-CF79DC344357}.Debug|Any CPU.ActiveCfg = Debug|Any CPU
		{DA8A0A59-5BA6-4E1F-B1E8-CF79DC344357}.Debug|Any CPU.Build.0 = Debug|Any CPU
		{DA8A0A59-5BA6-4E1F-B1E8-CF79DC344357}.Release|Any CPU.ActiveCfg = Release|Any CPU
		{DA8A0A59-5BA6-4E1F-B1E8-CF79DC344357}.Release|Any CPU.Build.0 = Release|Any CPU
		{052F7C5E-9DE7-4C3B-8359-20B27597CF7E}.Debug|Any CPU.ActiveCfg = Debug|Any CPU
		{052F7C5E-9DE7-4C3B-8359-20B27597CF7E}.Debug|Any CPU.Build.0 = Debug|Any CPU
		{052F7C5E-9DE7-4C3B-8359-20B27597CF7E}.Release|Any CPU.ActiveCfg = Release|Any CPU
		{052F7C5E-9DE7-4C3B-8359-20B27597CF7E}.Release|Any CPU.Build.0 = Release|Any CPU
		{EFD24C89-8583-4A19-B658-004E813EE130}.Debug|Any CPU.ActiveCfg = Debug|Any CPU
		{EFD24C89-8583-4A19-B658-004E813EE130}.Debug|Any CPU.Build.0 = Debug|Any CPU
		{EFD24C89-8583-4A19-B658-004E813EE130}.Release|Any CPU.ActiveCfg = Release|Any CPU
		{EFD24C89-8583-4A19-B658-004E813EE130}.Release|Any CPU.Build.0 = Release|Any CPU
		{868433C2-62A6-4003-BDF0-AF1A4095F35C}.Debug|Any CPU.ActiveCfg = Debug|Any CPU
		{868433C2-62A6-4003-BDF0-AF1A4095F35C}.Debug|Any CPU.Build.0 = Debug|Any CPU
		{868433C2-62A6-4003-BDF0-AF1A4095F35C}.Debug|Any CPU.Deploy.0 = Debug|Any CPU
		{868433C2-62A6-4003-BDF0-AF1A4095F35C}.Release|Any CPU.ActiveCfg = Release|Any CPU
		{868433C2-62A6-4003-BDF0-AF1A4095F35C}.Release|Any CPU.Build.0 = Release|Any CPU
		{868433C2-62A6-4003-BDF0-AF1A4095F35C}.Release|Any CPU.Deploy.0 = Release|Any CPU
		{A5DBB8AA-B8B4-4C2E-84B1-B59B11636153}.Debug|Any CPU.ActiveCfg = Debug|Any CPU
		{A5DBB8AA-B8B4-4C2E-84B1-B59B11636153}.Debug|Any CPU.Build.0 = Debug|Any CPU
		{A5DBB8AA-B8B4-4C2E-84B1-B59B11636153}.Release|Any CPU.ActiveCfg = Release|Any CPU
		{A5DBB8AA-B8B4-4C2E-84B1-B59B11636153}.Release|Any CPU.Build.0 = Release|Any CPU
		{26F44951-EC72-44BD-AF12-DD276C3E62D9}.Debug|Any CPU.ActiveCfg = Debug|Any CPU
		{26F44951-EC72-44BD-AF12-DD276C3E62D9}.Debug|Any CPU.Build.0 = Debug|Any CPU
		{26F44951-EC72-44BD-AF12-DD276C3E62D9}.Release|Any CPU.ActiveCfg = Release|Any CPU
		{26F44951-EC72-44BD-AF12-DD276C3E62D9}.Release|Any CPU.Build.0 = Release|Any CPU
	EndGlobalSection
	GlobalSection(SolutionProperties) = preSolution
		HideSolutionNode = FALSE
	EndGlobalSection
	GlobalSection(NestedProjects) = preSolution
		{970890B0-99A9-43DE-A9CC-66E12E0D89CD} = {33E51F14-56C0-49C6-9A1F-7A94DD189CC6}
		{57949B56-A690-47A0-B577-20BE8F124E11} = {33E51F14-56C0-49C6-9A1F-7A94DD189CC6}
		{63B0C741-8E6F-4A84-8475-3DFBEB14F266} = {33E51F14-56C0-49C6-9A1F-7A94DD189CC6}
		{E638879B-F8DA-42DB-9B65-3ECC77068B97} = {33E51F14-56C0-49C6-9A1F-7A94DD189CC6}
		{E3F9E718-8833-44E0-AD63-288E691B82B5} = {33E51F14-56C0-49C6-9A1F-7A94DD189CC6}
		{05ADC684-CED4-4A44-9A77-8D2E3A03686D} = {38F8A193-F8F9-4D17-8F84-C6B1AD45C091}
		{75D3B91C-EA75-4556-9844-ACE78C511F81} = {38F8A193-F8F9-4D17-8F84-C6B1AD45C091}
		{BF830623-04C4-4810-8FB9-5A4F6BC95DF5} = {38F8A193-F8F9-4D17-8F84-C6B1AD45C091}
		{DA8A0A59-5BA6-4E1F-B1E8-CF79DC344357} = {38F8A193-F8F9-4D17-8F84-C6B1AD45C091}
		{052F7C5E-9DE7-4C3B-8359-20B27597CF7E} = {38F8A193-F8F9-4D17-8F84-C6B1AD45C091}
		{EFD24C89-8583-4A19-B658-004E813EE130} = {38F8A193-F8F9-4D17-8F84-C6B1AD45C091}
		{868433C2-62A6-4003-BDF0-AF1A4095F35C} = {33E51F14-56C0-49C6-9A1F-7A94DD189CC6}
		{A5DBB8AA-B8B4-4C2E-84B1-B59B11636153} = {33E51F14-56C0-49C6-9A1F-7A94DD189CC6}
		{26F44951-EC72-44BD-AF12-DD276C3E62D9} = {33E51F14-56C0-49C6-9A1F-7A94DD189CC6}
	EndGlobalSection
EndGlobal
